// !$*UTF8*$!
{
	archiveVersion = 1;
	classes = {
	};
	objectVersion = 46;
	objects = {

/* Begin PBXBuildFile section */
		085E7AEA1D40498A0009CF13 /* AwesomeTextField.swift in Sources */ = {isa = PBXBuildFile; fileRef = 085E7AE91D40498A0009CF13 /* AwesomeTextField.swift */; };
		085E7AEC1D40B3020009CF13 /* LoginViewController.swift in Sources */ = {isa = PBXBuildFile; fileRef = 085E7AEB1D40B3020009CF13 /* LoginViewController.swift */; };
		08A531381D3E4C0E00341E20 /* AppDelegate.swift in Sources */ = {isa = PBXBuildFile; fileRef = 08A531371D3E4C0E00341E20 /* AppDelegate.swift */; };
		08A5313A1D3E4C0E00341E20 /* MainViewController.swift in Sources */ = {isa = PBXBuildFile; fileRef = 08A531391D3E4C0E00341E20 /* MainViewController.swift */; };
		08A5313D1D3E4C0E00341E20 /* Main.storyboard in Resources */ = {isa = PBXBuildFile; fileRef = 08A5313B1D3E4C0E00341E20 /* Main.storyboard */; };
		08A5313F1D3E4C0E00341E20 /* Assets.xcassets in Resources */ = {isa = PBXBuildFile; fileRef = 08A5313E1D3E4C0E00341E20 /* Assets.xcassets */; };
		08A531421D3E4C0E00341E20 /* LaunchScreen.storyboard in Resources */ = {isa = PBXBuildFile; fileRef = 08A531401D3E4C0E00341E20 /* LaunchScreen.storyboard */; };
		08A5314A1D3E4CFF00341E20 /* SlideMenuControllerSwift.framework in Frameworks */ = {isa = PBXBuildFile; fileRef = 08A531491D3E4CFF00341E20 /* SlideMenuControllerSwift.framework */; };
		08A5314B1D3E4CFF00341E20 /* SlideMenuControllerSwift.framework in Embed Frameworks */ = {isa = PBXBuildFile; fileRef = 08A531491D3E4CFF00341E20 /* SlideMenuControllerSwift.framework */; settings = {ATTRIBUTES = (CodeSignOnCopy, RemoveHeadersOnCopy, ); }; };
		08A5314E1D3E525800341E20 /* LeftMenuController.swift in Sources */ = {isa = PBXBuildFile; fileRef = 08A5314D1D3E525800341E20 /* LeftMenuController.swift */; };
		08A531501D3E629A00341E20 /* UIViewController.swift in Sources */ = {isa = PBXBuildFile; fileRef = 08A5314F1D3E629A00341E20 /* UIViewController.swift */; };
		08A531521D3E68B200341E20 /* RankingViewController.swift in Sources */ = {isa = PBXBuildFile; fileRef = 08A531511D3E68B200341E20 /* RankingViewController.swift */; };
		08A531541D3E68BF00341E20 /* SettingViewController.swift in Sources */ = {isa = PBXBuildFile; fileRef = 08A531531D3E68BF00341E20 /* SettingViewController.swift */; };
		08A5315A1D3E6FD900341E20 /* String.swift in Sources */ = {isa = PBXBuildFile; fileRef = 08A531591D3E6FD900341E20 /* String.swift */; };
		08A5315C1D3E6FF900341E20 /* BaseTableViewCell.swift in Sources */ = {isa = PBXBuildFile; fileRef = 08A5315B1D3E6FF900341E20 /* BaseTableViewCell.swift */; };
		08F6951E1D3F5EE200BADA56 /* Alamofire.framework in Frameworks */ = {isa = PBXBuildFile; fileRef = 08F6951D1D3F5EE200BADA56 /* Alamofire.framework */; };
		08F6951F1D3F5EE200BADA56 /* Alamofire.framework in Embed Frameworks */ = {isa = PBXBuildFile; fileRef = 08F6951D1D3F5EE200BADA56 /* Alamofire.framework */; settings = {ATTRIBUTES = (CodeSignOnCopy, RemoveHeadersOnCopy, ); }; };
		08F695211D3F648C00BADA56 /* MenutvCell.xib in Resources */ = {isa = PBXBuildFile; fileRef = 08F695201D3F648C00BADA56 /* MenutvCell.xib */; };
		08F695231D3F651900BADA56 /* CustomMenutvCell.swift in Sources */ = {isa = PBXBuildFile; fileRef = 08F695221D3F651900BADA56 /* CustomMenutvCell.swift */; };
/* End PBXBuildFile section */

/* Begin PBXCopyFilesBuildPhase section */
		08A5314C1D3E4CFF00341E20 /* Embed Frameworks */ = {
			isa = PBXCopyFilesBuildPhase;
			buildActionMask = 2147483647;
			dstPath = "";
			dstSubfolderSpec = 10;
			files = (
				08A5314B1D3E4CFF00341E20 /* SlideMenuControllerSwift.framework in Embed Frameworks */,
				08F6951F1D3F5EE200BADA56 /* Alamofire.framework in Embed Frameworks */,
			);
			name = "Embed Frameworks";
			runOnlyForDeploymentPostprocessing = 0;
		};
/* End PBXCopyFilesBuildPhase section */

/* Begin PBXFileReference section */
		085E7AE91D40498A0009CF13 /* AwesomeTextField.swift */ = {isa = PBXFileReference; fileEncoding = 4; lastKnownFileType = sourcecode.swift; name = AwesomeTextField.swift; path = "../../../Downloads/AwesomeTextFieldSwift-master/AwesomeTextField/Classes/AwesomeTextField.swift"; sourceTree = "<group>"; };
		085E7AEB1D40B3020009CF13 /* LoginViewController.swift */ = {isa = PBXFileReference; fileEncoding = 4; lastKnownFileType = sourcecode.swift; path = LoginViewController.swift; sourceTree = "<group>"; };
		08A531341D3E4C0E00341E20 /* IOSCoilProject.app */ = {isa = PBXFileReference; explicitFileType = wrapper.application; includeInIndex = 0; path = IOSCoilProject.app; sourceTree = BUILT_PRODUCTS_DIR; };
		08A531371D3E4C0E00341E20 /* AppDelegate.swift */ = {isa = PBXFileReference; lastKnownFileType = sourcecode.swift; path = AppDelegate.swift; sourceTree = "<group>"; };
		08A531391D3E4C0E00341E20 /* MainViewController.swift */ = {isa = PBXFileReference; lastKnownFileType = sourcecode.swift; path = MainViewController.swift; sourceTree = "<group>"; };
		08A5313C1D3E4C0E00341E20 /* Base */ = {isa = PBXFileReference; lastKnownFileType = file.storyboard; name = Base; path = Base.lproj/Main.storyboard; sourceTree = "<group>"; };
		08A5313E1D3E4C0E00341E20 /* Assets.xcassets */ = {isa = PBXFileReference; lastKnownFileType = folder.assetcatalog; path = Assets.xcassets; sourceTree = "<group>"; };
		08A531411D3E4C0E00341E20 /* Base */ = {isa = PBXFileReference; lastKnownFileType = file.storyboard; name = Base; path = Base.lproj/LaunchScreen.storyboard; sourceTree = "<group>"; };
		08A531431D3E4C0E00341E20 /* Info.plist */ = {isa = PBXFileReference; lastKnownFileType = text.plist.xml; path = Info.plist; sourceTree = "<group>"; };
		08A531491D3E4CFF00341E20 /* SlideMenuControllerSwift.framework */ = {isa = PBXFileReference; lastKnownFileType = wrapper.framework; name = SlideMenuControllerSwift.framework; path = Carthage/Build/iOS/SlideMenuControllerSwift.framework; sourceTree = "<group>"; };
		08A5314D1D3E525800341E20 /* LeftMenuController.swift */ = {isa = PBXFileReference; fileEncoding = 4; lastKnownFileType = sourcecode.swift; path = LeftMenuController.swift; sourceTree = "<group>"; };
		08A5314F1D3E629A00341E20 /* UIViewController.swift */ = {isa = PBXFileReference; fileEncoding = 4; lastKnownFileType = sourcecode.swift; path = UIViewController.swift; sourceTree = "<group>"; };
		08A531511D3E68B200341E20 /* RankingViewController.swift */ = {isa = PBXFileReference; fileEncoding = 4; lastKnownFileType = sourcecode.swift; path = RankingViewController.swift; sourceTree = "<group>"; };
		08A531531D3E68BF00341E20 /* SettingViewController.swift */ = {isa = PBXFileReference; fileEncoding = 4; lastKnownFileType = sourcecode.swift; path = SettingViewController.swift; sourceTree = "<group>"; };
		08A531591D3E6FD900341E20 /* String.swift */ = {isa = PBXFileReference; fileEncoding = 4; lastKnownFileType = sourcecode.swift; path = String.swift; sourceTree = "<group>"; };
		08A5315B1D3E6FF900341E20 /* BaseTableViewCell.swift */ = {isa = PBXFileReference; fileEncoding = 4; lastKnownFileType = sourcecode.swift; path = BaseTableViewCell.swift; sourceTree = "<group>"; };
		08F6951D1D3F5EE200BADA56 /* Alamofire.framework */ = {isa = PBXFileReference; lastKnownFileType = wrapper.framework; name = Alamofire.framework; path = Carthage/Build/iOS/Alamofire.framework; sourceTree = "<group>"; };
		08F695201D3F648C00BADA56 /* MenutvCell.xib */ = {isa = PBXFileReference; fileEncoding = 4; lastKnownFileType = file.xib; path = MenutvCell.xib; sourceTree = "<group>"; };
		08F695221D3F651900BADA56 /* CustomMenutvCell.swift */ = {isa = PBXFileReference; fileEncoding = 4; lastKnownFileType = sourcecode.swift; path = CustomMenutvCell.swift; sourceTree = "<group>"; };
/* End PBXFileReference section */

/* Begin PBXFrameworksBuildPhase section */
		08A531311D3E4C0E00341E20 /* Frameworks */ = {
			isa = PBXFrameworksBuildPhase;
			buildActionMask = 2147483647;
			files = (
				08A5314A1D3E4CFF00341E20 /* SlideMenuControllerSwift.framework in Frameworks */,
				08F6951E1D3F5EE200BADA56 /* Alamofire.framework in Frameworks */,
			);
			runOnlyForDeploymentPostprocessing = 0;
		};
/* End PBXFrameworksBuildPhase section */

/* Begin PBXGroup section */
		08A5312B1D3E4C0E00341E20 = {
			isa = PBXGroup;
			children = (
				08F6951D1D3F5EE200BADA56 /* Alamofire.framework */,
				08A531491D3E4CFF00341E20 /* SlideMenuControllerSwift.framework */,
				08A531361D3E4C0E00341E20 /* IOSCoilProject */,
				08A531351D3E4C0E00341E20 /* Products */,
			);
			sourceTree = "<group>";
		};
		08A531351D3E4C0E00341E20 /* Products */ = {
			isa = PBXGroup;
			children = (
				08A531341D3E4C0E00341E20 /* IOSCoilProject.app */,
			);
			name = Products;
			sourceTree = "<group>";
		};
		08A531361D3E4C0E00341E20 /* IOSCoilProject */ = {
			isa = PBXGroup;
			children = (
				08A531371D3E4C0E00341E20 /* AppDelegate.swift */,
				08A531391D3E4C0E00341E20 /* MainViewController.swift */,
				08A5313B1D3E4C0E00341E20 /* Main.storyboard */,
				08A5313E1D3E4C0E00341E20 /* Assets.xcassets */,
				08A531401D3E4C0E00341E20 /* LaunchScreen.storyboard */,
				08A531431D3E4C0E00341E20 /* Info.plist */,
				08A5314D1D3E525800341E20 /* LeftMenuController.swift */,
				08A5314F1D3E629A00341E20 /* UIViewController.swift */,
				08A531511D3E68B200341E20 /* RankingViewController.swift */,
				08A531531D3E68BF00341E20 /* SettingViewController.swift */,
				08A531591D3E6FD900341E20 /* String.swift */,
				08A5315B1D3E6FF900341E20 /* BaseTableViewCell.swift */,
				08F695201D3F648C00BADA56 /* MenutvCell.xib */,
				085E7AE91D40498A0009CF13 /* AwesomeTextField.swift */,
				08F695221D3F651900BADA56 /* CustomMenutvCell.swift */,
				085E7AEB1D40B3020009CF13 /* LoginViewController.swift */,
			);
			path = IOSCoilProject;
			sourceTree = "<group>";
		};
/* End PBXGroup section */

/* Begin PBXNativeTarget section */
		08A531331D3E4C0E00341E20 /* IOSCoilProject */ = {
			isa = PBXNativeTarget;
			buildConfigurationList = 08A531461D3E4C0E00341E20 /* Build configuration list for PBXNativeTarget "IOSCoilProject" */;
			buildPhases = (
				08A531301D3E4C0E00341E20 /* Sources */,
				08A531311D3E4C0E00341E20 /* Frameworks */,
				08A531321D3E4C0E00341E20 /* Resources */,
				08A5314C1D3E4CFF00341E20 /* Embed Frameworks */,
			);
			buildRules = (
			);
			dependencies = (
			);
			name = IOSCoilProject;
			productName = IOSCoilProject;
			productReference = 08A531341D3E4C0E00341E20 /* IOSCoilProject.app */;
			productType = "com.apple.product-type.application";
		};
/* End PBXNativeTarget section */

/* Begin PBXProject section */
		08A5312C1D3E4C0E00341E20 /* Project object */ = {
			isa = PBXProject;
			attributes = {
				LastSwiftUpdateCheck = 0730;
				LastUpgradeCheck = 0730;
				ORGANIZATIONNAME = "김혜지";
				TargetAttributes = {
					08A531331D3E4C0E00341E20 = {
						CreatedOnToolsVersion = 7.3.1;
					};
				};
			};
			buildConfigurationList = 08A5312F1D3E4C0E00341E20 /* Build configuration list for PBXProject "IOSCoilProject" */;
			compatibilityVersion = "Xcode 3.2";
			developmentRegion = English;
			hasScannedForEncodings = 0;
			knownRegions = (
				en,
				Base,
			);
			mainGroup = 08A5312B1D3E4C0E00341E20;
			productRefGroup = 08A531351D3E4C0E00341E20 /* Products */;
			projectDirPath = "";
			projectRoot = "";
			targets = (
				08A531331D3E4C0E00341E20 /* IOSCoilProject */,
			);
		};
/* End PBXProject section */

/* Begin PBXResourcesBuildPhase section */
		08A531321D3E4C0E00341E20 /* Resources */ = {
			isa = PBXResourcesBuildPhase;
			buildActionMask = 2147483647;
			files = (
				08A531421D3E4C0E00341E20 /* LaunchScreen.storyboard in Resources */,
				08A5313F1D3E4C0E00341E20 /* Assets.xcassets in Resources */,
				08F695211D3F648C00BADA56 /* MenutvCell.xib in Resources */,
				08A5313D1D3E4C0E00341E20 /* Main.storyboard in Resources */,
			);
			runOnlyForDeploymentPostprocessing = 0;
		};
/* End PBXResourcesBuildPhase section */

/* Begin PBXSourcesBuildPhase section */
		08A531301D3E4C0E00341E20 /* Sources */ = {
			isa = PBXSourcesBuildPhase;
			buildActionMask = 2147483647;
			files = (
				08A5315C1D3E6FF900341E20 /* BaseTableViewCell.swift in Sources */,
				08A531521D3E68B200341E20 /* RankingViewController.swift in Sources */,
				08A5313A1D3E4C0E00341E20 /* MainViewController.swift in Sources */,
				08A531381D3E4C0E00341E20 /* AppDelegate.swift in Sources */,
				08F695231D3F651900BADA56 /* CustomMenutvCell.swift in Sources */,
				085E7AEA1D40498A0009CF13 /* AwesomeTextField.swift in Sources */,
				08A531501D3E629A00341E20 /* UIViewController.swift in Sources */,
				08A5315A1D3E6FD900341E20 /* String.swift in Sources */,
				08A5314E1D3E525800341E20 /* LeftMenuController.swift in Sources */,
				08A531541D3E68BF00341E20 /* SettingViewController.swift in Sources */,
				085E7AEC1D40B3020009CF13 /* LoginViewController.swift in Sources */,
			);
			runOnlyForDeploymentPostprocessing = 0;
		};
/* End PBXSourcesBuildPhase section */

/* Begin PBXVariantGroup section */
		08A5313B1D3E4C0E00341E20 /* Main.storyboard */ = {
			isa = PBXVariantGroup;
			children = (
				08A5313C1D3E4C0E00341E20 /* Base */,
			);
			name = Main.storyboard;
			sourceTree = "<group>";
		};
		08A531401D3E4C0E00341E20 /* LaunchScreen.storyboard */ = {
			isa = PBXVariantGroup;
			children = (
				08A531411D3E4C0E00341E20 /* Base */,
			);
			name = LaunchScreen.storyboard;
			sourceTree = "<group>";
		};
/* End PBXVariantGroup section */

/* Begin XCBuildConfiguration section */
		08A531441D3E4C0E00341E20 /* Debug */ = {
			isa = XCBuildConfiguration;
			buildSettings = {
				ALWAYS_SEARCH_USER_PATHS = NO;
				CLANG_ANALYZER_NONNULL = YES;
				CLANG_CXX_LANGUAGE_STANDARD = "gnu++0x";
				CLANG_CXX_LIBRARY = "libc++";
				CLANG_ENABLE_MODULES = YES;
				CLANG_ENABLE_OBJC_ARC = YES;
				CLANG_WARN_BOOL_CONVERSION = YES;
				CLANG_WARN_CONSTANT_CONVERSION = YES;
				CLANG_WARN_DIRECT_OBJC_ISA_USAGE = YES_ERROR;
				CLANG_WARN_EMPTY_BODY = YES;
				CLANG_WARN_ENUM_CONVERSION = YES;
				CLANG_WARN_INT_CONVERSION = YES;
				CLANG_WARN_OBJC_ROOT_CLASS = YES_ERROR;
				CLANG_WARN_UNREACHABLE_CODE = YES;
				CLANG_WARN__DUPLICATE_METHOD_MATCH = YES;
				"CODE_SIGN_IDENTITY[sdk=iphoneos*]" = "iPhone Developer";
				COPY_PHASE_STRIP = NO;
				DEBUG_INFORMATION_FORMAT = dwarf;
				ENABLE_STRICT_OBJC_MSGSEND = YES;
				ENABLE_TESTABILITY = YES;
				GCC_C_LANGUAGE_STANDARD = gnu99;
				GCC_DYNAMIC_NO_PIC = NO;
				GCC_NO_COMMON_BLOCKS = YES;
				GCC_OPTIMIZATION_LEVEL = 0;
				GCC_PREPROCESSOR_DEFINITIONS = (
					"DEBUG=1",
					"$(inherited)",
				);
				GCC_WARN_64_TO_32_BIT_CONVERSION = YES;
				GCC_WARN_ABOUT_RETURN_TYPE = YES_ERROR;
				GCC_WARN_UNDECLARED_SELECTOR = YES;
				GCC_WARN_UNINITIALIZED_AUTOS = YES_AGGRESSIVE;
				GCC_WARN_UNUSED_FUNCTION = YES;
				GCC_WARN_UNUSED_VARIABLE = YES;
				IPHONEOS_DEPLOYMENT_TARGET = 9.3;
				MTL_ENABLE_DEBUG_INFO = YES;
				ONLY_ACTIVE_ARCH = YES;
				SDKROOT = iphoneos;
				SWIFT_OPTIMIZATION_LEVEL = "-Onone";
			};
			name = Debug;
		};
		08A531451D3E4C0E00341E20 /* Release */ = {
			isa = XCBuildConfiguration;
			buildSettings = {
				ALWAYS_SEARCH_USER_PATHS = NO;
				CLANG_ANALYZER_NONNULL = YES;
				CLANG_CXX_LANGUAGE_STANDARD = "gnu++0x";
				CLANG_CXX_LIBRARY = "libc++";
				CLANG_ENABLE_MODULES = YES;
				CLANG_ENABLE_OBJC_ARC = YES;
				CLANG_WARN_BOOL_CONVERSION = YES;
				CLANG_WARN_CONSTANT_CONVERSION = YES;
				CLANG_WARN_DIRECT_OBJC_ISA_USAGE = YES_ERROR;
				CLANG_WARN_EMPTY_BODY = YES;
				CLANG_WARN_ENUM_CONVERSION = YES;
				CLANG_WARN_INT_CONVERSION = YES;
				CLANG_WARN_OBJC_ROOT_CLASS = YES_ERROR;
				CLANG_WARN_UNREACHABLE_CODE = YES;
				CLANG_WARN__DUPLICATE_METHOD_MATCH = YES;
				"CODE_SIGN_IDENTITY[sdk=iphoneos*]" = "iPhone Developer";
				COPY_PHASE_STRIP = NO;
				DEBUG_INFORMATION_FORMAT = "dwarf-with-dsym";
				ENABLE_NS_ASSERTIONS = NO;
				ENABLE_STRICT_OBJC_MSGSEND = YES;
				GCC_C_LANGUAGE_STANDARD = gnu99;
				GCC_NO_COMMON_BLOCKS = YES;
				GCC_WARN_64_TO_32_BIT_CONVERSION = YES;
				GCC_WARN_ABOUT_RETURN_TYPE = YES_ERROR;
				GCC_WARN_UNDECLARED_SELECTOR = YES;
				GCC_WARN_UNINITIALIZED_AUTOS = YES_AGGRESSIVE;
				GCC_WARN_UNUSED_FUNCTION = YES;
				GCC_WARN_UNUSED_VARIABLE = YES;
				IPHONEOS_DEPLOYMENT_TARGET = 9.3;
				MTL_ENABLE_DEBUG_INFO = NO;
				SDKROOT = iphoneos;
				VALIDATE_PRODUCT = YES;
			};
			name = Release;
		};
		08A531471D3E4C0E00341E20 /* Debug */ = {
			isa = XCBuildConfiguration;
			buildSettings = {
				ASSETCATALOG_COMPILER_APPICON_NAME = AppIcon;
				FRAMEWORK_SEARCH_PATHS = (
					"$(inherited)",
					"$(PROJECT_DIR)/Carthage/Build/iOS",
				);
				INFOPLIST_FILE = IOSCoilProject/Info.plist;
				LD_RUNPATH_SEARCH_PATHS = "$(inherited) @executable_path/Frameworks";
				PRODUCT_BUNDLE_IDENTIFIER = ppang.IOSCoilProject;
				PRODUCT_NAME = "$(TARGET_NAME)";
			};
			name = Debug;
		};
		08A531481D3E4C0E00341E20 /* Release */ = {
			isa = XCBuildConfiguration;
			buildSettings = {
				ASSETCATALOG_COMPILER_APPICON_NAME = AppIcon;
				FRAMEWORK_SEARCH_PATHS = (
					"$(inherited)",
					"$(PROJECT_DIR)/Carthage/Build/iOS",
				);
				INFOPLIST_FILE = IOSCoilProject/Info.plist;
				LD_RUNPATH_SEARCH_PATHS = "$(inherited) @executable_path/Frameworks";
				PRODUCT_BUNDLE_IDENTIFIER = ppang.IOSCoilProject;
				PRODUCT_NAME = "$(TARGET_NAME)";
			};
			name = Release;
		};
/* End XCBuildConfiguration section */

/* Begin XCConfigurationList section */
		08A5312F1D3E4C0E00341E20 /* Build configuration list for PBXProject "IOSCoilProject" */ = {
			isa = XCConfigurationList;
			buildConfigurations = (
				08A531441D3E4C0E00341E20 /* Debug */,
				08A531451D3E4C0E00341E20 /* Release */,
			);
			defaultConfigurationIsVisible = 0;
			defaultConfigurationName = Release;
		};
		08A531461D3E4C0E00341E20 /* Build configuration list for PBXNativeTarget "IOSCoilProject" */ = {
			isa = XCConfigurationList;
			buildConfigurations = (
				08A531471D3E4C0E00341E20 /* Debug */,
				08A531481D3E4C0E00341E20 /* Release */,
			);
			defaultConfigurationIsVisible = 0;
			defaultConfigurationName = Release;
		};
/* End XCConfigurationList section */
	};
	rootObject = 08A5312C1D3E4C0E00341E20 /* Project object */;
}
